
Microsoft Visual Studio Solution File, Format Version 12.00
# Visual Studio 2013
VisualStudioVersion = 12.0.30501.0
MinimumVisualStudioVersion = 10.0.40219.1
Project("{F2A71F9B-5D33-465A-A702-920D77279786}") = "program", "program\program.fsproj", "{A2B88688-3D50-4D7E-940D-CC5DE825C76B}"
EndProject
Global
	GlobalSection(SolutionConfigurationPlatforms) = preSolution
		Debug|Any CPU = Debug|Any CPU
		Release|Any CPU = Release|Any CPU
	EndGlobalSection
	GlobalSection(ProjectConfigurationPlatforms) = postSolution
		{A2B88688-3D50-4D7E-940D-CC5DE825C76B}.Debug|Any CPU.ActiveCfg = Debug|Any CPU
		{A2B88688-3D50-4D7E-940D-CC5DE825C76B}.Debug|Any CPU.Build.0 = Debug|Any CPU
		{A2B88688-3D50-4D7E-940D-CC5DE825C76B}.Release|Any CPU.ActiveCfg = Release|Any CPU
		{A2B88688-3D50-4D7E-940D-CC5DE825C76B}.Release|Any CPU.Build.0 = Release|Any CPU
	EndGlobalSection
	GlobalSection(SolutionProperties) = preSolution
		HideSolutionNode = FALSE
	EndGlobalSection
EndGlobal
